PODS:
  - SightCall-Example (0.1.0)

DEPENDENCIES:
  - SightCall-Example (from `../`)

EXTERNAL SOURCES:
  SightCall-Example:
    :path: "../"

SPEC CHECKSUMS:
  SightCall-Example: d72e0f28047367e735de4e91f27db572cc9138e3

PODFILE CHECKSUM: b1ee1c2310caef3332e630d7fb6ba8e03a16369a

COCOAPODS: 1.10.2
